
Microsoft Visual Studio Solution File, Format Version 12.00
# Visual Studio Version 17
VisualStudioVersion = 17.6.33815.320
MinimumVisualStudioVersion = 10.0.40219.1
Project("{8BC9CEB8-8B4A-11D0-8D11-00A0C91BC942}") = "TeslaChessEngineV1", "TeslaChessEngineV1\TeslaChessEngineV1.vcxproj", "{0AE86EFB-21AD-4E98-81BF-7D1CBCE17109}"
EndProject
Global
	GlobalSection(SolutionConfigurationPlatforms) = preSolution
		Debug|x64 = Debug|x64
		Debug|x86 = Debug|x86
		Release|x64 = Release|x64
		Release|x86 = Release|x86
	EndGlobalSection
	GlobalSection(ProjectConfigurationPlatforms) = postSolution
		{0AE86EFB-21AD-4E98-81BF-7D1CBCE17109}.Debug|x64.ActiveCfg = Debug|x64
		{0AE86EFB-21AD-4E98-81BF-7D1CBCE17109}.Debug|x64.Build.0 = Debug|x64
		{0AE86EFB-21AD-4E98-81BF-7D1CBCE17109}.Debug|x86.ActiveCfg = Debug|Win32
		{0AE86EFB-21AD-4E98-81BF-7D1CBCE17109}.Debug|x86.Build.0 = Debug|Win32
		{0AE86EFB-21AD-4E98-81BF-7D1CBCE17109}.Release|x64.ActiveCfg = Release|x64
		{0AE86EFB-21AD-4E98-81BF-7D1CBCE17109}.Release|x64.Build.0 = Release|x64
		{0AE86EFB-21AD-4E98-81BF-7D1CBCE17109}.Release|x86.ActiveCfg = Release|Win32
		{0AE86EFB-21AD-4E98-81BF-7D1CBCE17109}.Release|x86.Build.0 = Release|Win32
	EndGlobalSection
	GlobalSection(SolutionProperties) = preSolution
		HideSolutionNode = FALSE
	EndGlobalSection
	GlobalSection(ExtensibilityGlobals) = postSolution
		SolutionGuid = {F9B7E361-0D6A-4FC4-B971-EF40A612980F}
	EndGlobalSection
EndGlobal
